
Microsoft Visual Studio Solution File, Format Version 12.00
# Visual Studio Version 17
VisualStudioVersion = 17.11.35327.3
MinimumVisualStudioVersion = 10.0.40219.1
Project("{FAE04EC0-301F-11D3-BF4B-00C04F79EFBC}") = "Practica20-ES", "Practica20-ES\Practica20-ES.csproj", "{C05685A8-8FD0-4F28-8DBE-A646FB01C1E7}"
EndProject
Global
	GlobalSection(SolutionConfigurationPlatforms) = preSolution
		Debug|Any CPU = Debug|Any CPU
		Release|Any CPU = Release|Any CPU
	EndGlobalSection
	GlobalSection(ProjectConfigurationPlatforms) = postSolution
		{C05685A8-8FD0-4F28-8DBE-A646FB01C1E7}.Debug|Any CPU.ActiveCfg = Debug|Any CPU
		{C05685A8-8FD0-4F28-8DBE-A646FB01C1E7}.Debug|Any CPU.Build.0 = Debug|Any CPU
		{C05685A8-8FD0-4F28-8DBE-A646FB01C1E7}.Release|Any CPU.ActiveCfg = Release|Any CPU
		{C05685A8-8FD0-4F28-8DBE-A646FB01C1E7}.Release|Any CPU.Build.0 = Release|Any CPU
	EndGlobalSection
	GlobalSection(SolutionProperties) = preSolution
		HideSolutionNode = FALSE
	EndGlobalSection
	GlobalSection(ExtensibilityGlobals) = postSolution
		SolutionGuid = {14441A44-DCBE-4BA5-B86B-71423F4E0F3E}
	EndGlobalSection
EndGlobal
